# This file was autogenerated by uv via the following command:
#    uv pip compile -o uv.lock pyproject.toml
annotated-types==0.7.0
    # via pydantic
certifi==2025.1.31
    # via requests
charset-normalizer==3.4.1
    # via requests
idna==3.10
    # via requests
oauthlib==3.2.0
    # via
    #   datacosmos (pyproject.toml)
    #   requests-oauthlib
pydantic==2.10.6
    # via
    #   datacosmos (pyproject.toml)
    #   pydantic-settings
pydantic-core==2.27.2
    # via pydantic
pydantic-settings==2.7.1
    # via datacosmos (pyproject.toml)
pystac==1.12.1
    # via datacosmos (pyproject.toml)
python-dateutil==2.9.0.post0
    # via pystac
python-dotenv==1.0.1
    # via pydantic-settings
pyyaml==6.0.2
    # via datacosmos (pyproject.toml)
requests==2.31.0
    # via
    #   datacosmos (pyproject.toml)
    #   requests-oauthlib
requests-oauthlib==1.3.1
    # via datacosmos (pyproject.toml)
six==1.17.0
    # via python-dateutil
structlog==25.3.0
    # via datacosmos (pyproject.toml)
typing-extensions==4.12.2
    # via
    #   pydantic
    #   pydantic-core
urllib3==2.3.0
    # via requests
