# This file was autogenerated by uv via the following command:
#    uv pip compile -o uv.lock pyproject.toml --extra dev
annotated-types==0.7.0
    # via pydantic
attrs==25.4.0
    # via pytest
bandit==1.7.4
    # via datacosmos (pyproject.toml)
black==22.3.0
    # via datacosmos (pyproject.toml)
certifi==2025.1.31
    # via requests
charset-normalizer==3.4.1
    # via requests
click==8.3.1
    # via black
exceptiongroup==1.3.1
    # via pytest
gherkin-official==29.0.0
    # via pytest-bdd
gitdb==4.0.12
    # via gitpython
gitpython==3.1.46
    # via bandit
idna==3.10
    # via requests
iniconfig==2.3.0
    # via pytest
isort==5.11.4
    # via datacosmos (pyproject.toml)
mako==1.3.10
    # via pytest-bdd
markupsafe==3.0.3
    # via mako
mypy-extensions==1.1.0
    # via black
numpy==2.2.6
    # via shapely
oauthlib==3.2.0
    # via
    #   datacosmos (pyproject.toml)
    #   requests-oauthlib
packaging==26.0
    # via
    #   pytest
    #   pytest-bdd
parse==1.21.0
    # via
    #   parse-type
    #   pytest-bdd
parse-type==0.6.6
    # via pytest-bdd
pathspec==1.0.4
    # via black
pbr==7.0.3
    # via datacosmos (pyproject.toml)
platformdirs==4.7.0
    # via black
pluggy==1.6.0
    # via pytest
pydantic==2.10.6
    # via
    #   datacosmos (pyproject.toml)
    #   pydantic-settings
pydantic-core==2.27.2
    # via pydantic
pydantic-settings==2.7.1
    # via datacosmos (pyproject.toml)
pydocstyle==6.1.1
    # via datacosmos (pyproject.toml)
pystac==1.12.1
    # via datacosmos (pyproject.toml)
pytest==7.2.0
    # via
    #   datacosmos (pyproject.toml)
    #   pytest-bdd
pytest-bdd==8.1.0
    # via datacosmos (pyproject.toml)
python-dateutil==2.9.0.post0
    # via pystac
python-dotenv==1.0.1
    # via pydantic-settings
pyyaml==6.0.2
    # via
    #   datacosmos (pyproject.toml)
    #   bandit
    #   responses
requests==2.31.0
    # via
    #   datacosmos (pyproject.toml)
    #   requests-oauthlib
    #   responses
requests-oauthlib==2.0.0
    # via datacosmos (pyproject.toml)
responses==0.25.8
    # via datacosmos (pyproject.toml)
ruff==0.9.5
    # via datacosmos (pyproject.toml)
setuptools==82.0.0
    # via pbr
shapely==2.1.2
    # via datacosmos (pyproject.toml)
six==1.17.0
    # via
    #   parse-type
    #   python-dateutil
smmap==5.0.2
    # via gitdb
snowballstemmer==3.0.1
    # via pydocstyle
stevedore==5.6.0
    # via bandit
structlog==24.4.0
    # via datacosmos (pyproject.toml)
tenacity==9.1.4
    # via datacosmos (pyproject.toml)
toml==0.10.2
    # via bandit
tomli==2.4.0
    # via
    #   black
    #   pytest
typing-extensions==4.12.2
    # via
    #   exceptiongroup
    #   pydantic
    #   pydantic-core
    #   pytest-bdd
urllib3==2.3.0
    # via
    #   requests
    #   responses
